{
  "name": "command-line-runner",
  "version": "1.0.0",
  "lockfileVersion": 1,
  "requires": true,
  "dependencies": {
    "string-argv": {
      "version": "0.3.0",
      "resolved": "https://registry.npmjs.org/string-argv/-/string-argv-0.3.0.tgz",
      "integrity": "sha512-NGZHq3nkSXVtGZXTBjFru3MNfoZyIzN25T7BmvdgnSC0LCJczAGLLMQLyjywSIaAoqSemgLzBRHOsnrHbt60+Q=="
    }
  }
}
